
Microsoft Visual Studio Solution File, Format Version 12.00
# Visual Studio Version 17
VisualStudioVersion = 17.7.34031.279
MinimumVisualStudioVersion = 10.0.40219.1
Project("{FAE04EC0-301F-11D3-BF4B-00C04F79EFBC}") = "laba9", "laba9.csproj", "{C25FE8CC-E2E1-46F4-B746-9F753F21DD1F}"
EndProject
Project("{FAE04EC0-301F-11D3-BF4B-00C04F79EFBC}") = "unittests", "..\unittests\unittests.csproj", "{5FB5889B-ABE9-4613-98B1-D3DA74F492EF}"
EndProject
Global
	GlobalSection(SolutionConfigurationPlatforms) = preSolution
		Debug|Any CPU = Debug|Any CPU
		Release|Any CPU = Release|Any CPU
	EndGlobalSection
	GlobalSection(ProjectConfigurationPlatforms) = postSolution
		{C25FE8CC-E2E1-46F4-B746-9F753F21DD1F}.Debug|Any CPU.ActiveCfg = Debug|Any CPU
		{C25FE8CC-E2E1-46F4-B746-9F753F21DD1F}.Debug|Any CPU.Build.0 = Debug|Any CPU
		{C25FE8CC-E2E1-46F4-B746-9F753F21DD1F}.Release|Any CPU.ActiveCfg = Release|Any CPU
		{C25FE8CC-E2E1-46F4-B746-9F753F21DD1F}.Release|Any CPU.Build.0 = Release|Any CPU
		{5FB5889B-ABE9-4613-98B1-D3DA74F492EF}.Debug|Any CPU.ActiveCfg = Debug|Any CPU
		{5FB5889B-ABE9-4613-98B1-D3DA74F492EF}.Debug|Any CPU.Build.0 = Debug|Any CPU
		{5FB5889B-ABE9-4613-98B1-D3DA74F492EF}.Release|Any CPU.ActiveCfg = Release|Any CPU
		{5FB5889B-ABE9-4613-98B1-D3DA74F492EF}.Release|Any CPU.Build.0 = Release|Any CPU
	EndGlobalSection
	GlobalSection(SolutionProperties) = preSolution
		HideSolutionNode = FALSE
	EndGlobalSection
	GlobalSection(ExtensibilityGlobals) = postSolution
		SolutionGuid = {8BBF12EC-F31A-4CFB-8044-1A1877DE1F2F}
	EndGlobalSection
EndGlobal
